
Microsoft Visual Studio Solution File, Format Version 12.00
# Visual Studio Version 17
VisualStudioVersion = 17.0.31903.59
MinimumVisualStudioVersion = 10.0.40219.1
Project("{2150E333-8FDC-42A3-9474-1A3956D46DE8}") = "Receipts", "Receipts", "{561E4C47-4268-4C12-A8B8-282B667C33C4}"
EndProject
Project("{FAE04EC0-301F-11D3-BF4B-00C04F79EFBC}") = "Common", "Receipts\Common\Common.csproj", "{4EBB3EF1-EFE6-48EC-BED2-7587277D4AA4}"
EndProject
Project("{FAE04EC0-301F-11D3-BF4B-00C04F79EFBC}") = "Domain", "Receipts\Domain\Domain.csproj", "{3BC27FDD-F21B-40F1-BC83-73569394A19D}"
EndProject
Project("{FAE04EC0-301F-11D3-BF4B-00C04F79EFBC}") = "Application", "Receipts\Application\Application.csproj", "{2EA60E56-53A4-4E93-B5E3-76488A091A24}"
EndProject
Project("{FAE04EC0-301F-11D3-BF4B-00C04F79EFBC}") = "Infrastructure", "Receipts\Infrastructure\Infrastructure.csproj", "{9653F747-E5C1-4167-A4A5-0AFD3BDDCBB9}"
EndProject
Project("{2150E333-8FDC-42A3-9474-1A3956D46DE8}") = "Presentation", "Presentation", "{F0E53F38-1190-47F1-AAA1-C23D6A54FEFA}"
EndProject
Project("{FAE04EC0-301F-11D3-BF4B-00C04F79EFBC}") = "Shared", "Receipts\Presentation\Shared\Shared.csproj", "{4CA7FA4F-1982-40D9-A647-F349B35A5897}"
EndProject
Project("{FAE04EC0-301F-11D3-BF4B-00C04F79EFBC}") = "API", "Receipts\Presentation\API\API.csproj", "{3281FA1A-2EA0-4AA0-98DA-32AFA1195AD2}"
EndProject
Project("{FAE04EC0-301F-11D3-BF4B-00C04F79EFBC}") = "Client", "Receipts\Presentation\Client\Client.csproj", "{8E048533-F56F-405A-AF1C-C0A018242E67}"
EndProject
Global
	GlobalSection(SolutionConfigurationPlatforms) = preSolution
		Debug|Any CPU = Debug|Any CPU
		Release|Any CPU = Release|Any CPU
	EndGlobalSection
	GlobalSection(SolutionProperties) = preSolution
		HideSolutionNode = FALSE
	EndGlobalSection
	GlobalSection(ProjectConfigurationPlatforms) = postSolution
		{4EBB3EF1-EFE6-48EC-BED2-7587277D4AA4}.Debug|Any CPU.ActiveCfg = Debug|Any CPU
		{4EBB3EF1-EFE6-48EC-BED2-7587277D4AA4}.Debug|Any CPU.Build.0 = Debug|Any CPU
		{4EBB3EF1-EFE6-48EC-BED2-7587277D4AA4}.Release|Any CPU.ActiveCfg = Release|Any CPU
		{4EBB3EF1-EFE6-48EC-BED2-7587277D4AA4}.Release|Any CPU.Build.0 = Release|Any CPU
		{3BC27FDD-F21B-40F1-BC83-73569394A19D}.Debug|Any CPU.ActiveCfg = Debug|Any CPU
		{3BC27FDD-F21B-40F1-BC83-73569394A19D}.Debug|Any CPU.Build.0 = Debug|Any CPU
		{3BC27FDD-F21B-40F1-BC83-73569394A19D}.Release|Any CPU.ActiveCfg = Release|Any CPU
		{3BC27FDD-F21B-40F1-BC83-73569394A19D}.Release|Any CPU.Build.0 = Release|Any CPU
		{2EA60E56-53A4-4E93-B5E3-76488A091A24}.Debug|Any CPU.ActiveCfg = Debug|Any CPU
		{2EA60E56-53A4-4E93-B5E3-76488A091A24}.Debug|Any CPU.Build.0 = Debug|Any CPU
		{2EA60E56-53A4-4E93-B5E3-76488A091A24}.Release|Any CPU.ActiveCfg = Release|Any CPU
		{2EA60E56-53A4-4E93-B5E3-76488A091A24}.Release|Any CPU.Build.0 = Release|Any CPU
		{9653F747-E5C1-4167-A4A5-0AFD3BDDCBB9}.Debug|Any CPU.ActiveCfg = Debug|Any CPU
		{9653F747-E5C1-4167-A4A5-0AFD3BDDCBB9}.Debug|Any CPU.Build.0 = Debug|Any CPU
		{9653F747-E5C1-4167-A4A5-0AFD3BDDCBB9}.Release|Any CPU.ActiveCfg = Release|Any CPU
		{9653F747-E5C1-4167-A4A5-0AFD3BDDCBB9}.Release|Any CPU.Build.0 = Release|Any CPU
		{4CA7FA4F-1982-40D9-A647-F349B35A5897}.Debug|Any CPU.ActiveCfg = Debug|Any CPU
		{4CA7FA4F-1982-40D9-A647-F349B35A5897}.Debug|Any CPU.Build.0 = Debug|Any CPU
		{4CA7FA4F-1982-40D9-A647-F349B35A5897}.Release|Any CPU.ActiveCfg = Release|Any CPU
		{4CA7FA4F-1982-40D9-A647-F349B35A5897}.Release|Any CPU.Build.0 = Release|Any CPU
		{3281FA1A-2EA0-4AA0-98DA-32AFA1195AD2}.Debug|Any CPU.ActiveCfg = Debug|Any CPU
		{3281FA1A-2EA0-4AA0-98DA-32AFA1195AD2}.Debug|Any CPU.Build.0 = Debug|Any CPU
		{3281FA1A-2EA0-4AA0-98DA-32AFA1195AD2}.Release|Any CPU.ActiveCfg = Release|Any CPU
		{3281FA1A-2EA0-4AA0-98DA-32AFA1195AD2}.Release|Any CPU.Build.0 = Release|Any CPU
		{8E048533-F56F-405A-AF1C-C0A018242E67}.Debug|Any CPU.ActiveCfg = Debug|Any CPU
		{8E048533-F56F-405A-AF1C-C0A018242E67}.Debug|Any CPU.Build.0 = Debug|Any CPU
		{8E048533-F56F-405A-AF1C-C0A018242E67}.Release|Any CPU.ActiveCfg = Release|Any CPU
		{8E048533-F56F-405A-AF1C-C0A018242E67}.Release|Any CPU.Build.0 = Release|Any CPU
	EndGlobalSection
	GlobalSection(NestedProjects) = preSolution
		{4EBB3EF1-EFE6-48EC-BED2-7587277D4AA4} = {561E4C47-4268-4C12-A8B8-282B667C33C4}
		{3BC27FDD-F21B-40F1-BC83-73569394A19D} = {561E4C47-4268-4C12-A8B8-282B667C33C4}
		{2EA60E56-53A4-4E93-B5E3-76488A091A24} = {561E4C47-4268-4C12-A8B8-282B667C33C4}
		{9653F747-E5C1-4167-A4A5-0AFD3BDDCBB9} = {561E4C47-4268-4C12-A8B8-282B667C33C4}
		{F0E53F38-1190-47F1-AAA1-C23D6A54FEFA} = {561E4C47-4268-4C12-A8B8-282B667C33C4}
		{4CA7FA4F-1982-40D9-A647-F349B35A5897} = {F0E53F38-1190-47F1-AAA1-C23D6A54FEFA}
		{3281FA1A-2EA0-4AA0-98DA-32AFA1195AD2} = {F0E53F38-1190-47F1-AAA1-C23D6A54FEFA}
		{8E048533-F56F-405A-AF1C-C0A018242E67} = {F0E53F38-1190-47F1-AAA1-C23D6A54FEFA}
	EndGlobalSection
EndGlobal
