<Solution>
  <Folder Name="/src/">
    <Project Path="src/Application/Application.csproj" />
    <Project Path="src/Common/Common.csproj" />
    <Project Path="src/Domain/Domain.csproj" />
    <Project Path="src/Infrastructure/Infrastructure.csproj" />
    <Project Path="src/Receipts.AppHost/Receipts.AppHost.csproj" />
    <Project Path="src/Receipts.ServiceDefaults/Receipts.ServiceDefaults.csproj" />
  </Folder>
  <Folder Name="/src/Presentation/">
    <Project Path="src/Presentation/API/API.csproj" />
  </Folder>
  <Folder Name="/src/Tools/">
    <Project Path="src/Tools/DbMigrator/DbMigrator.csproj" />
    <Project Path="src/Tools/DbExporter/DbExporter.csproj" />
    <Project Path="src/Tools/DbSeeder/DbSeeder.csproj" />
  </Folder>
  <Folder Name="/tests/">
    <Project Path="tests/Application.Tests/Application.Tests.csproj" />
    <Project Path="tests/Common.Tests/Common.Tests.csproj" />
    <Project Path="tests/Domain.Tests/Domain.Tests.csproj" />
    <Project Path="tests/Infrastructure.IntegrationTests/Infrastructure.IntegrationTests.csproj" />
    <Project Path="tests/Infrastructure.Tests/Infrastructure.Tests.csproj" />
    <Project Path="tests/Presentation.API.Tests/Presentation.API.Tests.csproj" />
    <Project Path="tests/Receipts.AppHost.Tests/Receipts.AppHost.Tests.csproj" />
    <Project Path="tests/SampleData/SampleData.csproj" />
  </Folder>
</Solution>
